
Microsoft Visual Studio Solution File, Format Version 12.00
# Visual Studio Version 16
VisualStudioVersion = 16.0.29424.173
MinimumVisualStudioVersion = 10.0.40219.1
Project("{FAE04EC0-301F-11D3-BF4B-00C04F79EFBC}") = "DFAssist.Plugin", "DFAssist\DFAssist.Plugin.csproj", "{1D6BA59A-FB85-4ED2-90E1-DEB79FD5AFFC}"
EndProject
Project("{2150E333-8FDC-42A3-9474-1A3956D46DE8}") = "Solution Items", "Solution Items", "{992679BB-39BD-4505-B886-AAC645B19CF0}"
	ProjectSection(SolutionItems) = preProject
		LICENSE = LICENSE
		PostBuildStep.bat = PostBuildStep.bat
		README.md = README.md
		SharedAssemblyInfo.cs = SharedAssemblyInfo.cs
	EndProjectSection
EndProject
Project("{FAE04EC0-301F-11D3-BF4B-00C04F79EFBC}") = "DFAssist.Core", "DFAssist.Core\DFAssist.Core.csproj", "{67CE05FE-A32C-4149-9884-7DDC065690F9}"
EndProject
Project("{FAE04EC0-301F-11D3-BF4B-00C04F79EFBC}") = "DFAssist.Contracts", "DFAssist.Contracts\DFAssist.Contracts.csproj", "{FD838217-AEDA-4C6A-A5D8-1E6B2D6F7F2C}"
EndProject
Project("{FAE04EC0-301F-11D3-BF4B-00C04F79EFBC}") = "DFAssist", "DFAssist.Loader\DFAssist.csproj", "{67D5CCFB-C77F-4A77-A37D-ECCE57279150}"
EndProject
Project("{FAE04EC0-301F-11D3-BF4B-00C04F79EFBC}") = "DFDumper", "DFDumper\DFDumper.csproj", "{36CBF5D9-67A5-4320-BDA5-7EC54D35B357}"
EndProject
Global
	GlobalSection(SolutionConfigurationPlatforms) = preSolution
		Debug|x64 = Debug|x64
		Release|x64 = Release|x64
	EndGlobalSection
	GlobalSection(ProjectConfigurationPlatforms) = postSolution
		{1D6BA59A-FB85-4ED2-90E1-DEB79FD5AFFC}.Debug|x64.ActiveCfg = Debug|x64
		{1D6BA59A-FB85-4ED2-90E1-DEB79FD5AFFC}.Debug|x64.Build.0 = Debug|x64
		{1D6BA59A-FB85-4ED2-90E1-DEB79FD5AFFC}.Release|x64.ActiveCfg = Release|x64
		{1D6BA59A-FB85-4ED2-90E1-DEB79FD5AFFC}.Release|x64.Build.0 = Release|x64
		{67CE05FE-A32C-4149-9884-7DDC065690F9}.Debug|x64.ActiveCfg = Debug|x64
		{67CE05FE-A32C-4149-9884-7DDC065690F9}.Debug|x64.Build.0 = Debug|x64
		{67CE05FE-A32C-4149-9884-7DDC065690F9}.Release|x64.ActiveCfg = Release|x64
		{67CE05FE-A32C-4149-9884-7DDC065690F9}.Release|x64.Build.0 = Release|x64
		{FD838217-AEDA-4C6A-A5D8-1E6B2D6F7F2C}.Debug|x64.ActiveCfg = Debug|x64
		{FD838217-AEDA-4C6A-A5D8-1E6B2D6F7F2C}.Debug|x64.Build.0 = Debug|x64
		{FD838217-AEDA-4C6A-A5D8-1E6B2D6F7F2C}.Release|x64.ActiveCfg = Release|x64
		{FD838217-AEDA-4C6A-A5D8-1E6B2D6F7F2C}.Release|x64.Build.0 = Release|x64
		{67D5CCFB-C77F-4A77-A37D-ECCE57279150}.Debug|x64.ActiveCfg = Debug|x64
		{67D5CCFB-C77F-4A77-A37D-ECCE57279150}.Debug|x64.Build.0 = Debug|x64
		{67D5CCFB-C77F-4A77-A37D-ECCE57279150}.Release|x64.ActiveCfg = Release|x64
		{67D5CCFB-C77F-4A77-A37D-ECCE57279150}.Release|x64.Build.0 = Release|x64
		{36CBF5D9-67A5-4320-BDA5-7EC54D35B357}.Debug|x64.ActiveCfg = Debug|x64
		{36CBF5D9-67A5-4320-BDA5-7EC54D35B357}.Debug|x64.Build.0 = Debug|x64
		{36CBF5D9-67A5-4320-BDA5-7EC54D35B357}.Release|x64.ActiveCfg = Release|x64
		{36CBF5D9-67A5-4320-BDA5-7EC54D35B357}.Release|x64.Build.0 = Release|x64
	EndGlobalSection
	GlobalSection(SolutionProperties) = preSolution
		HideSolutionNode = FALSE
	EndGlobalSection
	GlobalSection(ExtensibilityGlobals) = postSolution
		SolutionGuid = {946E22BB-BEB1-414D-AAF7-D95C24BE5D97}
	EndGlobalSection
EndGlobal
