
Microsoft Visual Studio Solution File, Format Version 12.00
# Visual Studio 15
VisualStudioVersion = 15.0.27130.2026
MinimumVisualStudioVersion = 10.0.40219.1
Project("{FAE04EC0-301F-11D3-BF4B-00C04F79EFBC}") = "DFAssist.Plugin", "DFAssist\DFAssist.Plugin.csproj", "{1D6BA59A-FB85-4ED2-90E1-DEB79FD5AFFC}"
	ProjectSection(ProjectDependencies) = postProject
		{E20D32F4-26E0-4B7A-B2FE-590FA4867E61} = {E20D32F4-26E0-4B7A-B2FE-590FA4867E61}
	EndProjectSection
EndProject
Project("{2150E333-8FDC-42A3-9474-1A3956D46DE8}") = "Solution Items", "Solution Items", "{992679BB-39BD-4505-B886-AAC645B19CF0}"
	ProjectSection(SolutionItems) = preProject
		PostBuildStep.bat = PostBuildStep.bat
	EndProjectSection
EndProject
Project("{FAE04EC0-301F-11D3-BF4B-00C04F79EFBC}") = "DFAssist.Core", "DFAssist.Core\DFAssist.Core.csproj", "{67CE05FE-A32C-4149-9884-7DDC065690F9}"
EndProject
Project("{8BC9CEB8-8B4A-11D0-8D11-00A0C91BC942}") = "DFAssist.WinToast", "DFAssist.WinToast\DFAssist.WinToast.vcxproj", "{E20D32F4-26E0-4B7A-B2FE-590FA4867E61}"
EndProject
Project("{FAE04EC0-301F-11D3-BF4B-00C04F79EFBC}") = "DFAssist.Contracts", "DFAssist.Contracts\DFAssist.Contracts.csproj", "{FD838217-AEDA-4C6A-A5D8-1E6B2D6F7F2C}"
EndProject
Project("{FAE04EC0-301F-11D3-BF4B-00C04F79EFBC}") = "DFAssist", "DFAssist.Loader\DFAssist.csproj", "{67D5CCFB-C77F-4A77-A37D-ECCE57279150}"
EndProject
Global
	GlobalSection(SolutionConfigurationPlatforms) = preSolution
		Debug|Any CPU = Debug|Any CPU
		Debug|x64 = Debug|x64
		Debug|x86 = Debug|x86
		Release|Any CPU = Release|Any CPU
		Release|x64 = Release|x64
		Release|x86 = Release|x86
	EndGlobalSection
	GlobalSection(ProjectConfigurationPlatforms) = postSolution
		{1D6BA59A-FB85-4ED2-90E1-DEB79FD5AFFC}.Debug|Any CPU.ActiveCfg = Debug|Any CPU
		{1D6BA59A-FB85-4ED2-90E1-DEB79FD5AFFC}.Debug|Any CPU.Build.0 = Debug|Any CPU
		{1D6BA59A-FB85-4ED2-90E1-DEB79FD5AFFC}.Debug|x64.ActiveCfg = Debug|x64
		{1D6BA59A-FB85-4ED2-90E1-DEB79FD5AFFC}.Debug|x64.Build.0 = Debug|x64
		{1D6BA59A-FB85-4ED2-90E1-DEB79FD5AFFC}.Debug|x86.ActiveCfg = Debug|Any CPU
		{1D6BA59A-FB85-4ED2-90E1-DEB79FD5AFFC}.Debug|x86.Build.0 = Debug|Any CPU
		{1D6BA59A-FB85-4ED2-90E1-DEB79FD5AFFC}.Release|Any CPU.ActiveCfg = Release|Any CPU
		{1D6BA59A-FB85-4ED2-90E1-DEB79FD5AFFC}.Release|Any CPU.Build.0 = Release|Any CPU
		{1D6BA59A-FB85-4ED2-90E1-DEB79FD5AFFC}.Release|x64.ActiveCfg = Release|x64
		{1D6BA59A-FB85-4ED2-90E1-DEB79FD5AFFC}.Release|x64.Build.0 = Release|x64
		{1D6BA59A-FB85-4ED2-90E1-DEB79FD5AFFC}.Release|x86.ActiveCfg = Release|Any CPU
		{1D6BA59A-FB85-4ED2-90E1-DEB79FD5AFFC}.Release|x86.Build.0 = Release|Any CPU
		{67CE05FE-A32C-4149-9884-7DDC065690F9}.Debug|Any CPU.ActiveCfg = Debug|Any CPU
		{67CE05FE-A32C-4149-9884-7DDC065690F9}.Debug|Any CPU.Build.0 = Debug|Any CPU
		{67CE05FE-A32C-4149-9884-7DDC065690F9}.Debug|x64.ActiveCfg = Debug|Any CPU
		{67CE05FE-A32C-4149-9884-7DDC065690F9}.Debug|x64.Build.0 = Debug|Any CPU
		{67CE05FE-A32C-4149-9884-7DDC065690F9}.Debug|x86.ActiveCfg = Debug|Any CPU
		{67CE05FE-A32C-4149-9884-7DDC065690F9}.Debug|x86.Build.0 = Debug|Any CPU
		{67CE05FE-A32C-4149-9884-7DDC065690F9}.Release|Any CPU.ActiveCfg = Release|Any CPU
		{67CE05FE-A32C-4149-9884-7DDC065690F9}.Release|Any CPU.Build.0 = Release|Any CPU
		{67CE05FE-A32C-4149-9884-7DDC065690F9}.Release|x64.ActiveCfg = Release|Any CPU
		{67CE05FE-A32C-4149-9884-7DDC065690F9}.Release|x64.Build.0 = Release|Any CPU
		{67CE05FE-A32C-4149-9884-7DDC065690F9}.Release|x86.ActiveCfg = Release|Any CPU
		{67CE05FE-A32C-4149-9884-7DDC065690F9}.Release|x86.Build.0 = Release|Any CPU
		{E20D32F4-26E0-4B7A-B2FE-590FA4867E61}.Debug|Any CPU.ActiveCfg = Debug|Win32
		{E20D32F4-26E0-4B7A-B2FE-590FA4867E61}.Debug|x64.ActiveCfg = Debug|x64
		{E20D32F4-26E0-4B7A-B2FE-590FA4867E61}.Debug|x64.Build.0 = Debug|x64
		{E20D32F4-26E0-4B7A-B2FE-590FA4867E61}.Debug|x86.ActiveCfg = Debug|Win32
		{E20D32F4-26E0-4B7A-B2FE-590FA4867E61}.Debug|x86.Build.0 = Debug|Win32
		{E20D32F4-26E0-4B7A-B2FE-590FA4867E61}.Release|Any CPU.ActiveCfg = Release|Win32
		{E20D32F4-26E0-4B7A-B2FE-590FA4867E61}.Release|x64.ActiveCfg = Release|x64
		{E20D32F4-26E0-4B7A-B2FE-590FA4867E61}.Release|x64.Build.0 = Release|x64
		{E20D32F4-26E0-4B7A-B2FE-590FA4867E61}.Release|x86.ActiveCfg = Release|Win32
		{E20D32F4-26E0-4B7A-B2FE-590FA4867E61}.Release|x86.Build.0 = Release|Win32
		{FD838217-AEDA-4C6A-A5D8-1E6B2D6F7F2C}.Debug|Any CPU.ActiveCfg = Debug|Any CPU
		{FD838217-AEDA-4C6A-A5D8-1E6B2D6F7F2C}.Debug|Any CPU.Build.0 = Debug|Any CPU
		{FD838217-AEDA-4C6A-A5D8-1E6B2D6F7F2C}.Debug|x64.ActiveCfg = Debug|Any CPU
		{FD838217-AEDA-4C6A-A5D8-1E6B2D6F7F2C}.Debug|x64.Build.0 = Debug|Any CPU
		{FD838217-AEDA-4C6A-A5D8-1E6B2D6F7F2C}.Debug|x86.ActiveCfg = Debug|Any CPU
		{FD838217-AEDA-4C6A-A5D8-1E6B2D6F7F2C}.Debug|x86.Build.0 = Debug|Any CPU
		{FD838217-AEDA-4C6A-A5D8-1E6B2D6F7F2C}.Release|Any CPU.ActiveCfg = Release|Any CPU
		{FD838217-AEDA-4C6A-A5D8-1E6B2D6F7F2C}.Release|Any CPU.Build.0 = Release|Any CPU
		{FD838217-AEDA-4C6A-A5D8-1E6B2D6F7F2C}.Release|x64.ActiveCfg = Release|Any CPU
		{FD838217-AEDA-4C6A-A5D8-1E6B2D6F7F2C}.Release|x64.Build.0 = Release|Any CPU
		{FD838217-AEDA-4C6A-A5D8-1E6B2D6F7F2C}.Release|x86.ActiveCfg = Release|Any CPU
		{FD838217-AEDA-4C6A-A5D8-1E6B2D6F7F2C}.Release|x86.Build.0 = Release|Any CPU
		{67D5CCFB-C77F-4A77-A37D-ECCE57279150}.Debug|Any CPU.ActiveCfg = Debug|Any CPU
		{67D5CCFB-C77F-4A77-A37D-ECCE57279150}.Debug|Any CPU.Build.0 = Debug|Any CPU
		{67D5CCFB-C77F-4A77-A37D-ECCE57279150}.Debug|x64.ActiveCfg = Debug|Any CPU
		{67D5CCFB-C77F-4A77-A37D-ECCE57279150}.Debug|x64.Build.0 = Debug|Any CPU
		{67D5CCFB-C77F-4A77-A37D-ECCE57279150}.Debug|x86.ActiveCfg = Debug|Any CPU
		{67D5CCFB-C77F-4A77-A37D-ECCE57279150}.Debug|x86.Build.0 = Debug|Any CPU
		{67D5CCFB-C77F-4A77-A37D-ECCE57279150}.Release|Any CPU.ActiveCfg = Release|Any CPU
		{67D5CCFB-C77F-4A77-A37D-ECCE57279150}.Release|Any CPU.Build.0 = Release|Any CPU
		{67D5CCFB-C77F-4A77-A37D-ECCE57279150}.Release|x64.ActiveCfg = Release|Any CPU
		{67D5CCFB-C77F-4A77-A37D-ECCE57279150}.Release|x64.Build.0 = Release|Any CPU
		{67D5CCFB-C77F-4A77-A37D-ECCE57279150}.Release|x86.ActiveCfg = Release|Any CPU
		{67D5CCFB-C77F-4A77-A37D-ECCE57279150}.Release|x86.Build.0 = Release|Any CPU
	EndGlobalSection
	GlobalSection(SolutionProperties) = preSolution
		HideSolutionNode = FALSE
	EndGlobalSection
	GlobalSection(ExtensibilityGlobals) = postSolution
		SolutionGuid = {946E22BB-BEB1-414D-AAF7-D95C24BE5D97}
	EndGlobalSection
EndGlobal
