
Microsoft Visual Studio Solution File, Format Version 12.00
# Visual Studio 15
VisualStudioVersion = 15.0.27130.2026
MinimumVisualStudioVersion = 10.0.40219.1
Project("{FAE04EC0-301F-11D3-BF4B-00C04F79EFBC}") = "DFAssist", "DFAssist\DFAssist.csproj", "{1D6BA59A-FB85-4ED2-90E1-DEB79FD5AFFC}"
	ProjectSection(ProjectDependencies) = postProject
		{8563E6B5-78D6-4097-AF58-C3B08713B922} = {8563E6B5-78D6-4097-AF58-C3B08713B922}
	EndProjectSection
EndProject
Project("{8BC9CEB8-8B4A-11D0-8D11-00A0C91BC942}") = "InjectAssist", "InjectAssist\InjectAssist.vcxproj", "{8563E6B5-78D6-4097-AF58-C3B08713B922}"
EndProject
Global
	GlobalSection(SolutionConfigurationPlatforms) = preSolution
		Debug|Any CPU = Debug|Any CPU
		Debug|x64 = Debug|x64
		Debug|x86 = Debug|x86
		Release|Any CPU = Release|Any CPU
		Release|x64 = Release|x64
		Release|x86 = Release|x86
	EndGlobalSection
	GlobalSection(ProjectConfigurationPlatforms) = postSolution
		{1D6BA59A-FB85-4ED2-90E1-DEB79FD5AFFC}.Debug|Any CPU.ActiveCfg = Debug|Any CPU
		{1D6BA59A-FB85-4ED2-90E1-DEB79FD5AFFC}.Debug|Any CPU.Build.0 = Debug|Any CPU
		{1D6BA59A-FB85-4ED2-90E1-DEB79FD5AFFC}.Debug|x64.ActiveCfg = Debug|x64
		{1D6BA59A-FB85-4ED2-90E1-DEB79FD5AFFC}.Debug|x64.Build.0 = Debug|x64
		{1D6BA59A-FB85-4ED2-90E1-DEB79FD5AFFC}.Debug|x86.ActiveCfg = Debug|Any CPU
		{1D6BA59A-FB85-4ED2-90E1-DEB79FD5AFFC}.Debug|x86.Build.0 = Debug|Any CPU
		{1D6BA59A-FB85-4ED2-90E1-DEB79FD5AFFC}.Release|Any CPU.ActiveCfg = Release|Any CPU
		{1D6BA59A-FB85-4ED2-90E1-DEB79FD5AFFC}.Release|Any CPU.Build.0 = Release|Any CPU
		{1D6BA59A-FB85-4ED2-90E1-DEB79FD5AFFC}.Release|x64.ActiveCfg = Release|x64
		{1D6BA59A-FB85-4ED2-90E1-DEB79FD5AFFC}.Release|x64.Build.0 = Release|x64
		{1D6BA59A-FB85-4ED2-90E1-DEB79FD5AFFC}.Release|x86.ActiveCfg = Release|Any CPU
		{1D6BA59A-FB85-4ED2-90E1-DEB79FD5AFFC}.Release|x86.Build.0 = Release|Any CPU
		{8563E6B5-78D6-4097-AF58-C3B08713B922}.Debug|Any CPU.ActiveCfg = Debug|Win32
		{8563E6B5-78D6-4097-AF58-C3B08713B922}.Debug|x64.ActiveCfg = Debug|x64
		{8563E6B5-78D6-4097-AF58-C3B08713B922}.Debug|x64.Build.0 = Debug|x64
		{8563E6B5-78D6-4097-AF58-C3B08713B922}.Debug|x86.ActiveCfg = Debug|Win32
		{8563E6B5-78D6-4097-AF58-C3B08713B922}.Debug|x86.Build.0 = Debug|Win32
		{8563E6B5-78D6-4097-AF58-C3B08713B922}.Release|Any CPU.ActiveCfg = Release|Win32
		{8563E6B5-78D6-4097-AF58-C3B08713B922}.Release|x64.ActiveCfg = Release|x64
		{8563E6B5-78D6-4097-AF58-C3B08713B922}.Release|x64.Build.0 = Release|x64
		{8563E6B5-78D6-4097-AF58-C3B08713B922}.Release|x86.ActiveCfg = Release|Win32
		{8563E6B5-78D6-4097-AF58-C3B08713B922}.Release|x86.Build.0 = Release|Win32
	EndGlobalSection
	GlobalSection(SolutionProperties) = preSolution
		HideSolutionNode = FALSE
	EndGlobalSection
	GlobalSection(ExtensibilityGlobals) = postSolution
		SolutionGuid = {946E22BB-BEB1-414D-AAF7-D95C24BE5D97}
	EndGlobalSection
EndGlobal
